
Microsoft Visual Studio Solution File, Format Version 12.00
# Visual Studio Version 17
VisualStudioVersion = 17.5.33627.172
MinimumVisualStudioVersion = 10.0.40219.1
Project("{2150E333-8FDC-42A3-9474-1A3956D46DE8}") = "FrontEnd", "FrontEnd", "{60E541CA-A2AB-4610-A4EE-1A7B4451A82D}"
EndProject
Project("{2150E333-8FDC-42A3-9474-1A3956D46DE8}") = "Gateway", "Gateway", "{2375F4A8-1F3C-45B3-AFC1-7BD1D4693933}"
EndProject
Project("{2150E333-8FDC-42A3-9474-1A3956D46DE8}") = "Integration", "Integration", "{CA9D5DDE-74D8-40CA-AFC4-5E8CDCF4F655}"
EndProject
Project("{2150E333-8FDC-42A3-9474-1A3956D46DE8}") = "Services", "Services", "{7B12A83A-0511-4FB6-A44C-862F3B6BA414}"
EndProject
Project("{9A19103F-16F7-4668-BE54-9A1E7A4F7556}") = "Suongmai.Services.CouponApi", "Suongmai.Services.CouponApi\Suongmai.Services.CouponApi.csproj", "{86F2B0D2-7925-42FF-AF87-2A854141891F}"
EndProject
Project("{9A19103F-16F7-4668-BE54-9A1E7A4F7556}") = "Mango.web", "Mango.web\Mango.web.csproj", "{E5DC0B3D-B9DA-4237-8C4E-F371F434776D}"
EndProject
Project("{9A19103F-16F7-4668-BE54-9A1E7A4F7556}") = "Suongmai.Services.AuthAPI", "Suongmai.Services.AuthAPI\Suongmai.Services.AuthAPI.csproj", "{DE67736F-33CD-45FD-81DC-E23EDF4D25B1}"
EndProject
Project("{9A19103F-16F7-4668-BE54-9A1E7A4F7556}") = "Suongmai.Services.ProductAPI", "Suongmai.Services.ProductAPI\Suongmai.Services.ProductAPI.csproj", "{07D0E826-CC8F-4214-B3F6-5BD8C96726D5}"
EndProject
Project("{9A19103F-16F7-4668-BE54-9A1E7A4F7556}") = "Suongmai.Services.ShoppingCartAPI", "Suongmai.Services.ShoppingCartAPI\Suongmai.Services.ShoppingCartAPI.csproj", "{8A79BCB0-7E7F-4B26-AFE5-C8B4A470FD21}"
EndProject
Project("{9A19103F-16F7-4668-BE54-9A1E7A4F7556}") = "Mango.MessageBus", "Mango.MessageBus\Mango.MessageBus.csproj", "{6C5DFA9C-50F9-4612-A0C4-EAC9B6C3A983}"
EndProject
Project("{9A19103F-16F7-4668-BE54-9A1E7A4F7556}") = "Suongmai.Services.EmailCartAPI", "Suongmai.Services.EmailCartAPI\Suongmai.Services.EmailCartAPI.csproj", "{7ED5DFB1-778B-4E81-B979-1758A94722EF}"
EndProject
Project("{9A19103F-16F7-4668-BE54-9A1E7A4F7556}") = "Suongmai.Services.OrderAPI", "Suongmai.Services.OrderAPI\Suongmai.Services.OrderAPI.csproj", "{F89747E4-51A8-47B0-8BFA-093E67D34947}"
EndProject
Project("{FAE04EC0-301F-11D3-BF4B-00C04F79EFBC}") = "Suongmai.Services.RewardAPI", "Suongmai.Services.RewardAPI\Suongmai.Services.RewardAPI.csproj", "{EDCC1534-C45E-48BE-845B-84DE8EB814FB}"
EndProject
Global
	GlobalSection(SolutionConfigurationPlatforms) = preSolution
		Debug|Any CPU = Debug|Any CPU
		Release|Any CPU = Release|Any CPU
	EndGlobalSection
	GlobalSection(ProjectConfigurationPlatforms) = postSolution
		{86F2B0D2-7925-42FF-AF87-2A854141891F}.Debug|Any CPU.ActiveCfg = Debug|Any CPU
		{86F2B0D2-7925-42FF-AF87-2A854141891F}.Debug|Any CPU.Build.0 = Debug|Any CPU
		{86F2B0D2-7925-42FF-AF87-2A854141891F}.Release|Any CPU.ActiveCfg = Release|Any CPU
		{86F2B0D2-7925-42FF-AF87-2A854141891F}.Release|Any CPU.Build.0 = Release|Any CPU
		{E5DC0B3D-B9DA-4237-8C4E-F371F434776D}.Debug|Any CPU.ActiveCfg = Debug|Any CPU
		{E5DC0B3D-B9DA-4237-8C4E-F371F434776D}.Debug|Any CPU.Build.0 = Debug|Any CPU
		{E5DC0B3D-B9DA-4237-8C4E-F371F434776D}.Release|Any CPU.ActiveCfg = Release|Any CPU
		{E5DC0B3D-B9DA-4237-8C4E-F371F434776D}.Release|Any CPU.Build.0 = Release|Any CPU
		{DE67736F-33CD-45FD-81DC-E23EDF4D25B1}.Debug|Any CPU.ActiveCfg = Debug|Any CPU
		{DE67736F-33CD-45FD-81DC-E23EDF4D25B1}.Debug|Any CPU.Build.0 = Debug|Any CPU
		{DE67736F-33CD-45FD-81DC-E23EDF4D25B1}.Release|Any CPU.ActiveCfg = Release|Any CPU
		{DE67736F-33CD-45FD-81DC-E23EDF4D25B1}.Release|Any CPU.Build.0 = Release|Any CPU
		{07D0E826-CC8F-4214-B3F6-5BD8C96726D5}.Debug|Any CPU.ActiveCfg = Debug|Any CPU
		{07D0E826-CC8F-4214-B3F6-5BD8C96726D5}.Debug|Any CPU.Build.0 = Debug|Any CPU
		{07D0E826-CC8F-4214-B3F6-5BD8C96726D5}.Release|Any CPU.ActiveCfg = Release|Any CPU
		{07D0E826-CC8F-4214-B3F6-5BD8C96726D5}.Release|Any CPU.Build.0 = Release|Any CPU
		{8A79BCB0-7E7F-4B26-AFE5-C8B4A470FD21}.Debug|Any CPU.ActiveCfg = Debug|Any CPU
		{8A79BCB0-7E7F-4B26-AFE5-C8B4A470FD21}.Debug|Any CPU.Build.0 = Debug|Any CPU
		{8A79BCB0-7E7F-4B26-AFE5-C8B4A470FD21}.Release|Any CPU.ActiveCfg = Release|Any CPU
		{8A79BCB0-7E7F-4B26-AFE5-C8B4A470FD21}.Release|Any CPU.Build.0 = Release|Any CPU
		{6C5DFA9C-50F9-4612-A0C4-EAC9B6C3A983}.Debug|Any CPU.ActiveCfg = Debug|Any CPU
		{6C5DFA9C-50F9-4612-A0C4-EAC9B6C3A983}.Debug|Any CPU.Build.0 = Debug|Any CPU
		{6C5DFA9C-50F9-4612-A0C4-EAC9B6C3A983}.Release|Any CPU.ActiveCfg = Release|Any CPU
		{6C5DFA9C-50F9-4612-A0C4-EAC9B6C3A983}.Release|Any CPU.Build.0 = Release|Any CPU
		{7ED5DFB1-778B-4E81-B979-1758A94722EF}.Debug|Any CPU.ActiveCfg = Debug|Any CPU
		{7ED5DFB1-778B-4E81-B979-1758A94722EF}.Debug|Any CPU.Build.0 = Debug|Any CPU
		{7ED5DFB1-778B-4E81-B979-1758A94722EF}.Release|Any CPU.ActiveCfg = Release|Any CPU
		{7ED5DFB1-778B-4E81-B979-1758A94722EF}.Release|Any CPU.Build.0 = Release|Any CPU
		{F89747E4-51A8-47B0-8BFA-093E67D34947}.Debug|Any CPU.ActiveCfg = Debug|Any CPU
		{F89747E4-51A8-47B0-8BFA-093E67D34947}.Debug|Any CPU.Build.0 = Debug|Any CPU
		{F89747E4-51A8-47B0-8BFA-093E67D34947}.Release|Any CPU.ActiveCfg = Release|Any CPU
		{F89747E4-51A8-47B0-8BFA-093E67D34947}.Release|Any CPU.Build.0 = Release|Any CPU
		{EDCC1534-C45E-48BE-845B-84DE8EB814FB}.Debug|Any CPU.ActiveCfg = Debug|Any CPU
		{EDCC1534-C45E-48BE-845B-84DE8EB814FB}.Debug|Any CPU.Build.0 = Debug|Any CPU
		{EDCC1534-C45E-48BE-845B-84DE8EB814FB}.Release|Any CPU.ActiveCfg = Release|Any CPU
		{EDCC1534-C45E-48BE-845B-84DE8EB814FB}.Release|Any CPU.Build.0 = Release|Any CPU
	EndGlobalSection
	GlobalSection(SolutionProperties) = preSolution
		HideSolutionNode = FALSE
	EndGlobalSection
	GlobalSection(NestedProjects) = preSolution
		{86F2B0D2-7925-42FF-AF87-2A854141891F} = {7B12A83A-0511-4FB6-A44C-862F3B6BA414}
		{E5DC0B3D-B9DA-4237-8C4E-F371F434776D} = {60E541CA-A2AB-4610-A4EE-1A7B4451A82D}
		{DE67736F-33CD-45FD-81DC-E23EDF4D25B1} = {7B12A83A-0511-4FB6-A44C-862F3B6BA414}
		{07D0E826-CC8F-4214-B3F6-5BD8C96726D5} = {7B12A83A-0511-4FB6-A44C-862F3B6BA414}
		{8A79BCB0-7E7F-4B26-AFE5-C8B4A470FD21} = {7B12A83A-0511-4FB6-A44C-862F3B6BA414}
		{6C5DFA9C-50F9-4612-A0C4-EAC9B6C3A983} = {CA9D5DDE-74D8-40CA-AFC4-5E8CDCF4F655}
		{7ED5DFB1-778B-4E81-B979-1758A94722EF} = {7B12A83A-0511-4FB6-A44C-862F3B6BA414}
		{F89747E4-51A8-47B0-8BFA-093E67D34947} = {7B12A83A-0511-4FB6-A44C-862F3B6BA414}
		{EDCC1534-C45E-48BE-845B-84DE8EB814FB} = {7B12A83A-0511-4FB6-A44C-862F3B6BA414}
	EndGlobalSection
	GlobalSection(ExtensibilityGlobals) = postSolution
		SolutionGuid = {D55ACC51-1A59-4285-8E19-732117F3E264}
	EndGlobalSection
EndGlobal
